// !$*UTF8*$!
{
	archiveVersion = 1;
	classes = {
	};
	objectVersion = 56;
	objects = {

/* Begin PBXBuildFile section */
		A2266F522B00252400FCBB87 /* AppDelegate.swift in Sources */ = {isa = PBXBuildFile; fileRef = A2266F512B00252400FCBB87 /* AppDelegate.swift */; };
		A2266F542B00252400FCBB87 /* SceneDelegate.swift in Sources */ = {isa = PBXBuildFile; fileRef = A2266F532B00252400FCBB87 /* SceneDelegate.swift */; };
		A2266F592B00252400FCBB87 /* Main.storyboard in Resources */ = {isa = PBXBuildFile; fileRef = A2266F572B00252400FCBB87 /* Main.storyboard */; };
		A2266F5B2B00252600FCBB87 /* Assets.xcassets in Resources */ = {isa = PBXBuildFile; fileRef = A2266F5A2B00252600FCBB87 /* Assets.xcassets */; };
		A2266F5E2B00252600FCBB87 /* LaunchScreen.storyboard in Resources */ = {isa = PBXBuildFile; fileRef = A2266F5C2B00252600FCBB87 /* LaunchScreen.storyboard */; };
		A2266F6A2B015E8000FCBB87 /* NewsListViewController.swift in Sources */ = {isa = PBXBuildFile; fileRef = A2266F692B015E8000FCBB87 /* NewsListViewController.swift */; };
		A2266F6C2B015EF600FCBB87 /* LessonsListViewController.swift in Sources */ = {isa = PBXBuildFile; fileRef = A2266F6B2B015EF600FCBB87 /* LessonsListViewController.swift */; };
		A2266F6E2B015F2000FCBB87 /* ChatsListViewController.swift in Sources */ = {isa = PBXBuildFile; fileRef = A2266F6D2B015F2000FCBB87 /* ChatsListViewController.swift */; };
		A2266F702B015F4E00FCBB87 /* ProfileViewController.swift in Sources */ = {isa = PBXBuildFile; fileRef = A2266F6F2B015F4E00FCBB87 /* ProfileViewController.swift */; };
		A2266F722B01600A00FCBB87 /* K.swift in Sources */ = {isa = PBXBuildFile; fileRef = A2266F712B01600A00FCBB87 /* K.swift */; };
		A2266F742B0160D300FCBB87 /* NewsItemViewController.swift in Sources */ = {isa = PBXBuildFile; fileRef = A2266F732B0160D300FCBB87 /* NewsItemViewController.swift */; };
		A2266F762B01622200FCBB87 /* NewsItem.swift in Sources */ = {isa = PBXBuildFile; fileRef = A2266F752B01622200FCBB87 /* NewsItem.swift */; };
		A2266F792B029A0A00FCBB87 /* NewsItemInListCell.swift in Sources */ = {isa = PBXBuildFile; fileRef = A2266F772B029A0A00FCBB87 /* NewsItemInListCell.swift */; };
		A2266F7A2B029A0A00FCBB87 /* NewsItemInListCell.xib in Resources */ = {isa = PBXBuildFile; fileRef = A2266F782B029A0A00FCBB87 /* NewsItemInListCell.xib */; };
		A2266F7C2B03F77A00FCBB87 /* NewsSamples.swift in Sources */ = {isa = PBXBuildFile; fileRef = A2266F7B2B03F77A00FCBB87 /* NewsSamples.swift */; };
/* End PBXBuildFile section */

/* Begin PBXFileReference section */
		A2266F4E2B00252400FCBB87 /* SavannaABC.app */ = {isa = PBXFileReference; explicitFileType = wrapper.application; includeInIndex = 0; path = SavannaABC.app; sourceTree = BUILT_PRODUCTS_DIR; };
		A2266F512B00252400FCBB87 /* AppDelegate.swift */ = {isa = PBXFileReference; lastKnownFileType = sourcecode.swift; path = AppDelegate.swift; sourceTree = "<group>"; };
		A2266F532B00252400FCBB87 /* SceneDelegate.swift */ = {isa = PBXFileReference; lastKnownFileType = sourcecode.swift; path = SceneDelegate.swift; sourceTree = "<group>"; };
		A2266F582B00252400FCBB87 /* Base */ = {isa = PBXFileReference; lastKnownFileType = file.storyboard; name = Base; path = Base.lproj/Main.storyboard; sourceTree = "<group>"; };
		A2266F5A2B00252600FCBB87 /* Assets.xcassets */ = {isa = PBXFileReference; lastKnownFileType = folder.assetcatalog; path = Assets.xcassets; sourceTree = "<group>"; };
		A2266F5D2B00252600FCBB87 /* Base */ = {isa = PBXFileReference; lastKnownFileType = file.storyboard; name = Base; path = Base.lproj/LaunchScreen.storyboard; sourceTree = "<group>"; };
		A2266F5F2B00252600FCBB87 /* Info.plist */ = {isa = PBXFileReference; lastKnownFileType = text.plist.xml; path = Info.plist; sourceTree = "<group>"; };
		A2266F692B015E8000FCBB87 /* NewsListViewController.swift */ = {isa = PBXFileReference; lastKnownFileType = sourcecode.swift; path = NewsListViewController.swift; sourceTree = "<group>"; };
		A2266F6B2B015EF600FCBB87 /* LessonsListViewController.swift */ = {isa = PBXFileReference; lastKnownFileType = sourcecode.swift; path = LessonsListViewController.swift; sourceTree = "<group>"; };
		A2266F6D2B015F2000FCBB87 /* ChatsListViewController.swift */ = {isa = PBXFileReference; lastKnownFileType = sourcecode.swift; path = ChatsListViewController.swift; sourceTree = "<group>"; };
		A2266F6F2B015F4E00FCBB87 /* ProfileViewController.swift */ = {isa = PBXFileReference; lastKnownFileType = sourcecode.swift; path = ProfileViewController.swift; sourceTree = "<group>"; };
		A2266F712B01600A00FCBB87 /* K.swift */ = {isa = PBXFileReference; lastKnownFileType = sourcecode.swift; path = K.swift; sourceTree = "<group>"; };
		A2266F732B0160D300FCBB87 /* NewsItemViewController.swift */ = {isa = PBXFileReference; lastKnownFileType = sourcecode.swift; path = NewsItemViewController.swift; sourceTree = "<group>"; };
		A2266F752B01622200FCBB87 /* NewsItem.swift */ = {isa = PBXFileReference; lastKnownFileType = sourcecode.swift; path = NewsItem.swift; sourceTree = "<group>"; };
		A2266F772B029A0A00FCBB87 /* NewsItemInListCell.swift */ = {isa = PBXFileReference; lastKnownFileType = sourcecode.swift; path = NewsItemInListCell.swift; sourceTree = "<group>"; };
		A2266F782B029A0A00FCBB87 /* NewsItemInListCell.xib */ = {isa = PBXFileReference; lastKnownFileType = file.xib; path = NewsItemInListCell.xib; sourceTree = "<group>"; };
		A2266F7B2B03F77A00FCBB87 /* NewsSamples.swift */ = {isa = PBXFileReference; lastKnownFileType = sourcecode.swift; path = NewsSamples.swift; sourceTree = "<group>"; };
/* End PBXFileReference section */

/* Begin PBXFrameworksBuildPhase section */
		A2266F4B2B00252300FCBB87 /* Frameworks */ = {
			isa = PBXFrameworksBuildPhase;
			buildActionMask = 2147483647;
			files = (
			);
			runOnlyForDeploymentPostprocessing = 0;
		};
/* End PBXFrameworksBuildPhase section */

/* Begin PBXGroup section */
		A2266F452B00252300FCBB87 = {
			isa = PBXGroup;
			children = (
				A2266F502B00252400FCBB87 /* SavannaABC */,
				A2266F4F2B00252400FCBB87 /* Products */,
			);
			sourceTree = "<group>";
		};
		A2266F4F2B00252400FCBB87 /* Products */ = {
			isa = PBXGroup;
			children = (
				A2266F4E2B00252400FCBB87 /* SavannaABC.app */,
			);
			name = Products;
			sourceTree = "<group>";
		};
		A2266F502B00252400FCBB87 /* SavannaABC */ = {
			isa = PBXGroup;
			children = (
				A2266F512B00252400FCBB87 /* AppDelegate.swift */,
				A2266F532B00252400FCBB87 /* SceneDelegate.swift */,
				A2266F662B015DED00FCBB87 /* Models */,
				A2266F672B015DF400FCBB87 /* Views */,
				A2266F682B015DFE00FCBB87 /* Controllers */,
				A2266F5A2B00252600FCBB87 /* Assets.xcassets */,
				A2266F5C2B00252600FCBB87 /* LaunchScreen.storyboard */,
				A2266F5F2B00252600FCBB87 /* Info.plist */,
			);
			path = SavannaABC;
			sourceTree = "<group>";
		};
		A2266F662B015DED00FCBB87 /* Models */ = {
			isa = PBXGroup;
			children = (
				A2266F712B01600A00FCBB87 /* K.swift */,
				A2266F752B01622200FCBB87 /* NewsItem.swift */,
				A2266F7B2B03F77A00FCBB87 /* NewsSamples.swift */,
			);
			path = Models;
			sourceTree = "<group>";
		};
		A2266F672B015DF400FCBB87 /* Views */ = {
			isa = PBXGroup;
			children = (
				A2266F572B00252400FCBB87 /* Main.storyboard */,
				A2266F772B029A0A00FCBB87 /* NewsItemInListCell.swift */,
				A2266F782B029A0A00FCBB87 /* NewsItemInListCell.xib */,
			);
			path = Views;
			sourceTree = "<group>";
		};
		A2266F682B015DFE00FCBB87 /* Controllers */ = {
			isa = PBXGroup;
			children = (
				A2266F692B015E8000FCBB87 /* NewsListViewController.swift */,
				A2266F732B0160D300FCBB87 /* NewsItemViewController.swift */,
				A2266F6B2B015EF600FCBB87 /* LessonsListViewController.swift */,
				A2266F6D2B015F2000FCBB87 /* ChatsListViewController.swift */,
				A2266F6F2B015F4E00FCBB87 /* ProfileViewController.swift */,
			);
			path = Controllers;
			sourceTree = "<group>";
		};
/* End PBXGroup section */

/* Begin PBXNativeTarget section */
		A2266F4D2B00252300FCBB87 /* SavannaABC */ = {
			isa = PBXNativeTarget;
			buildConfigurationList = A2266F622B00252600FCBB87 /* Build configuration list for PBXNativeTarget "SavannaABC" */;
			buildPhases = (
				A2266F4A2B00252300FCBB87 /* Sources */,
				A2266F4B2B00252300FCBB87 /* Frameworks */,
				A2266F4C2B00252300FCBB87 /* Resources */,
			);
			buildRules = (
			);
			dependencies = (
			);
			name = SavannaABC;
			productName = SavannaABC;
			productReference = A2266F4E2B00252400FCBB87 /* SavannaABC.app */;
			productType = "com.apple.product-type.application";
		};
/* End PBXNativeTarget section */

/* Begin PBXProject section */
		A2266F462B00252300FCBB87 /* Project object */ = {
			isa = PBXProject;
			attributes = {
				BuildIndependentTargetsInParallel = 1;
				LastSwiftUpdateCheck = 1430;
				LastUpgradeCheck = 1430;
				TargetAttributes = {
					A2266F4D2B00252300FCBB87 = {
						CreatedOnToolsVersion = 14.3.1;
					};
				};
			};
			buildConfigurationList = A2266F492B00252300FCBB87 /* Build configuration list for PBXProject "SavannaABC" */;
			compatibilityVersion = "Xcode 14.0";
			developmentRegion = en;
			hasScannedForEncodings = 0;
			knownRegions = (
				en,
				Base,
			);
			mainGroup = A2266F452B00252300FCBB87;
			productRefGroup = A2266F4F2B00252400FCBB87 /* Products */;
			projectDirPath = "";
			projectRoot = "";
			targets = (
				A2266F4D2B00252300FCBB87 /* SavannaABC */,
			);
		};
/* End PBXProject section */

/* Begin PBXResourcesBuildPhase section */
		A2266F4C2B00252300FCBB87 /* Resources */ = {
			isa = PBXResourcesBuildPhase;
			buildActionMask = 2147483647;
			files = (
				A2266F5E2B00252600FCBB87 /* LaunchScreen.storyboard in Resources */,
				A2266F5B2B00252600FCBB87 /* Assets.xcassets in Resources */,
				A2266F7A2B029A0A00FCBB87 /* NewsItemInListCell.xib in Resources */,
				A2266F592B00252400FCBB87 /* Main.storyboard in Resources */,
			);
			runOnlyForDeploymentPostprocessing = 0;
		};
/* End PBXResourcesBuildPhase section */

/* Begin PBXSourcesBuildPhase section */
		A2266F4A2B00252300FCBB87 /* Sources */ = {
			isa = PBXSourcesBuildPhase;
			buildActionMask = 2147483647;
			files = (
				A2266F792B029A0A00FCBB87 /* NewsItemInListCell.swift in Sources */,
				A2266F702B015F4E00FCBB87 /* ProfileViewController.swift in Sources */,
				A2266F6C2B015EF600FCBB87 /* LessonsListViewController.swift in Sources */,
				A2266F742B0160D300FCBB87 /* NewsItemViewController.swift in Sources */,
				A2266F722B01600A00FCBB87 /* K.swift in Sources */,
				A2266F6E2B015F2000FCBB87 /* ChatsListViewController.swift in Sources */,
				A2266F6A2B015E8000FCBB87 /* NewsListViewController.swift in Sources */,
				A2266F7C2B03F77A00FCBB87 /* NewsSamples.swift in Sources */,
				A2266F522B00252400FCBB87 /* AppDelegate.swift in Sources */,
				A2266F762B01622200FCBB87 /* NewsItem.swift in Sources */,
				A2266F542B00252400FCBB87 /* SceneDelegate.swift in Sources */,
			);
			runOnlyForDeploymentPostprocessing = 0;
		};
/* End PBXSourcesBuildPhase section */

/* Begin PBXVariantGroup section */
		A2266F572B00252400FCBB87 /* Main.storyboard */ = {
			isa = PBXVariantGroup;
			children = (
				A2266F582B00252400FCBB87 /* Base */,
			);
			name = Main.storyboard;
			sourceTree = "<group>";
		};
		A2266F5C2B00252600FCBB87 /* LaunchScreen.storyboard */ = {
			isa = PBXVariantGroup;
			children = (
				A2266F5D2B00252600FCBB87 /* Base */,
			);
			name = LaunchScreen.storyboard;
			sourceTree = "<group>";
		};
/* End PBXVariantGroup section */

/* Begin XCBuildConfiguration section */
		A2266F602B00252600FCBB87 /* Debug */ = {
			isa = XCBuildConfiguration;
			buildSettings = {
				ALWAYS_SEARCH_USER_PATHS = NO;
				CLANG_ANALYZER_NONNULL = YES;
				CLANG_ANALYZER_NUMBER_OBJECT_CONVERSION = YES_AGGRESSIVE;
				CLANG_CXX_LANGUAGE_STANDARD = "gnu++20";
				CLANG_ENABLE_MODULES = YES;
				CLANG_ENABLE_OBJC_ARC = YES;
				CLANG_ENABLE_OBJC_WEAK = YES;
				CLANG_WARN_BLOCK_CAPTURE_AUTORELEASING = YES;
				CLANG_WARN_BOOL_CONVERSION = YES;
				CLANG_WARN_COMMA = YES;
				CLANG_WARN_CONSTANT_CONVERSION = YES;
				CLANG_WARN_DEPRECATED_OBJC_IMPLEMENTATIONS = YES;
				CLANG_WARN_DIRECT_OBJC_ISA_USAGE = YES_ERROR;
				CLANG_WARN_DOCUMENTATION_COMMENTS = YES;
				CLANG_WARN_EMPTY_BODY = YES;
				CLANG_WARN_ENUM_CONVERSION = YES;
				CLANG_WARN_INFINITE_RECURSION = YES;
				CLANG_WARN_INT_CONVERSION = YES;
				CLANG_WARN_NON_LITERAL_NULL_CONVERSION = YES;
				CLANG_WARN_OBJC_IMPLICIT_RETAIN_SELF = YES;
				CLANG_WARN_OBJC_LITERAL_CONVERSION = YES;
				CLANG_WARN_OBJC_ROOT_CLASS = YES_ERROR;
				CLANG_WARN_QUOTED_INCLUDE_IN_FRAMEWORK_HEADER = YES;
				CLANG_WARN_RANGE_LOOP_ANALYSIS = YES;
				CLANG_WARN_STRICT_PROTOTYPES = YES;
				CLANG_WARN_SUSPICIOUS_MOVE = YES;
				CLANG_WARN_UNGUARDED_AVAILABILITY = YES_AGGRESSIVE;
				CLANG_WARN_UNREACHABLE_CODE = YES;
				CLANG_WARN__DUPLICATE_METHOD_MATCH = YES;
				COPY_PHASE_STRIP = NO;
				DEBUG_INFORMATION_FORMAT = dwarf;
				ENABLE_STRICT_OBJC_MSGSEND = YES;
				ENABLE_TESTABILITY = YES;
				GCC_C_LANGUAGE_STANDARD = gnu11;
				GCC_DYNAMIC_NO_PIC = NO;
				GCC_NO_COMMON_BLOCKS = YES;
				GCC_OPTIMIZATION_LEVEL = 0;
				GCC_PREPROCESSOR_DEFINITIONS = (
					"DEBUG=1",
					"$(inherited)",
				);
				GCC_WARN_64_TO_32_BIT_CONVERSION = YES;
				GCC_WARN_ABOUT_RETURN_TYPE = YES_ERROR;
				GCC_WARN_UNDECLARED_SELECTOR = YES;
				GCC_WARN_UNINITIALIZED_AUTOS = YES_AGGRESSIVE;
				GCC_WARN_UNUSED_FUNCTION = YES;
				GCC_WARN_UNUSED_VARIABLE = YES;
				IPHONEOS_DEPLOYMENT_TARGET = 16.4;
				MTL_ENABLE_DEBUG_INFO = INCLUDE_SOURCE;
				MTL_FAST_MATH = YES;
				ONLY_ACTIVE_ARCH = YES;
				SDKROOT = iphoneos;
				SWIFT_ACTIVE_COMPILATION_CONDITIONS = DEBUG;
				SWIFT_OPTIMIZATION_LEVEL = "-Onone";
			};
			name = Debug;
		};
		A2266F612B00252600FCBB87 /* Release */ = {
			isa = XCBuildConfiguration;
			buildSettings = {
				ALWAYS_SEARCH_USER_PATHS = NO;
				CLANG_ANALYZER_NONNULL = YES;
				CLANG_ANALYZER_NUMBER_OBJECT_CONVERSION = YES_AGGRESSIVE;
				CLANG_CXX_LANGUAGE_STANDARD = "gnu++20";
				CLANG_ENABLE_MODULES = YES;
				CLANG_ENABLE_OBJC_ARC = YES;
				CLANG_ENABLE_OBJC_WEAK = YES;
				CLANG_WARN_BLOCK_CAPTURE_AUTORELEASING = YES;
				CLANG_WARN_BOOL_CONVERSION = YES;
				CLANG_WARN_COMMA = YES;
				CLANG_WARN_CONSTANT_CONVERSION = YES;
				CLANG_WARN_DEPRECATED_OBJC_IMPLEMENTATIONS = YES;
				CLANG_WARN_DIRECT_OBJC_ISA_USAGE = YES_ERROR;
				CLANG_WARN_DOCUMENTATION_COMMENTS = YES;
				CLANG_WARN_EMPTY_BODY = YES;
				CLANG_WARN_ENUM_CONVERSION = YES;
				CLANG_WARN_INFINITE_RECURSION = YES;
				CLANG_WARN_INT_CONVERSION = YES;
				CLANG_WARN_NON_LITERAL_NULL_CONVERSION = YES;
				CLANG_WARN_OBJC_IMPLICIT_RETAIN_SELF = YES;
				CLANG_WARN_OBJC_LITERAL_CONVERSION = YES;
				CLANG_WARN_OBJC_ROOT_CLASS = YES_ERROR;
				CLANG_WARN_QUOTED_INCLUDE_IN_FRAMEWORK_HEADER = YES;
				CLANG_WARN_RANGE_LOOP_ANALYSIS = YES;
				CLANG_WARN_STRICT_PROTOTYPES = YES;
				CLANG_WARN_SUSPICIOUS_MOVE = YES;
				CLANG_WARN_UNGUARDED_AVAILABILITY = YES_AGGRESSIVE;
				CLANG_WARN_UNREACHABLE_CODE = YES;
				CLANG_WARN__DUPLICATE_METHOD_MATCH = YES;
				COPY_PHASE_STRIP = NO;
				DEBUG_INFORMATION_FORMAT = "dwarf-with-dsym";
				ENABLE_NS_ASSERTIONS = NO;
				ENABLE_STRICT_OBJC_MSGSEND = YES;
				GCC_C_LANGUAGE_STANDARD = gnu11;
				GCC_NO_COMMON_BLOCKS = YES;
				GCC_WARN_64_TO_32_BIT_CONVERSION = YES;
				GCC_WARN_ABOUT_RETURN_TYPE = YES_ERROR;
				GCC_WARN_UNDECLARED_SELECTOR = YES;
				GCC_WARN_UNINITIALIZED_AUTOS = YES_AGGRESSIVE;
				GCC_WARN_UNUSED_FUNCTION = YES;
				GCC_WARN_UNUSED_VARIABLE = YES;
				IPHONEOS_DEPLOYMENT_TARGET = 16.4;
				MTL_ENABLE_DEBUG_INFO = NO;
				MTL_FAST_MATH = YES;
				SDKROOT = iphoneos;
				SWIFT_COMPILATION_MODE = wholemodule;
				SWIFT_OPTIMIZATION_LEVEL = "-O";
				VALIDATE_PRODUCT = YES;
			};
			name = Release;
		};
		A2266F632B00252600FCBB87 /* Debug */ = {
			isa = XCBuildConfiguration;
			buildSettings = {
				ASSETCATALOG_COMPILER_APPICON_NAME = AppIcon;
				ASSETCATALOG_COMPILER_GLOBAL_ACCENT_COLOR_NAME = AccentColor;
				CODE_SIGN_STYLE = Automatic;
				CURRENT_PROJECT_VERSION = 1;
				DEVELOPMENT_TEAM = Y8S7K3B3M9;
				GENERATE_INFOPLIST_FILE = YES;
				INFOPLIST_FILE = SavannaABC/Info.plist;
				INFOPLIST_KEY_UIApplicationSupportsIndirectInputEvents = YES;
				INFOPLIST_KEY_UILaunchStoryboardName = LaunchScreen.storyboard;
				INFOPLIST_KEY_UIMainStoryboardFile = Main;
				INFOPLIST_KEY_UISupportedInterfaceOrientations = UIInterfaceOrientationPortrait;
				INFOPLIST_KEY_UISupportedInterfaceOrientations_iPad = "UIInterfaceOrientationLandscapeLeft UIInterfaceOrientationLandscapeRight UIInterfaceOrientationPortrait UIInterfaceOrientationPortraitUpsideDown";
				IPHONEOS_DEPLOYMENT_TARGET = 14.0;
				LD_RUNPATH_SEARCH_PATHS = (
					"$(inherited)",
					"@executable_path/Frameworks",
				);
				MARKETING_VERSION = 1.0;
				PRODUCT_BUNDLE_IDENTIFIER = com.nihither.SavannaABC;
				PRODUCT_NAME = "$(TARGET_NAME)";
				SUPPORTED_PLATFORMS = "iphoneos iphonesimulator";
				SUPPORTS_MACCATALYST = NO;
				SUPPORTS_MAC_DESIGNED_FOR_IPHONE_IPAD = NO;
				SWIFT_EMIT_LOC_STRINGS = YES;
				SWIFT_VERSION = 5.0;
				TARGETED_DEVICE_FAMILY = 1;
			};
			name = Debug;
		};
		A2266F642B00252600FCBB87 /* Release */ = {
			isa = XCBuildConfiguration;
			buildSettings = {
				ASSETCATALOG_COMPILER_APPICON_NAME = AppIcon;
				ASSETCATALOG_COMPILER_GLOBAL_ACCENT_COLOR_NAME = AccentColor;
				CODE_SIGN_STYLE = Automatic;
				CURRENT_PROJECT_VERSION = 1;
				DEVELOPMENT_TEAM = Y8S7K3B3M9;
				GENERATE_INFOPLIST_FILE = YES;
				INFOPLIST_FILE = SavannaABC/Info.plist;
				INFOPLIST_KEY_UIApplicationSupportsIndirectInputEvents = YES;
				INFOPLIST_KEY_UILaunchStoryboardName = LaunchScreen.storyboard;
				INFOPLIST_KEY_UIMainStoryboardFile = Main;
				INFOPLIST_KEY_UISupportedInterfaceOrientations = UIInterfaceOrientationPortrait;
				INFOPLIST_KEY_UISupportedInterfaceOrientations_iPad = "UIInterfaceOrientationLandscapeLeft UIInterfaceOrientationLandscapeRight UIInterfaceOrientationPortrait UIInterfaceOrientationPortraitUpsideDown";
				IPHONEOS_DEPLOYMENT_TARGET = 14.0;
				LD_RUNPATH_SEARCH_PATHS = (
					"$(inherited)",
					"@executable_path/Frameworks",
				);
				MARKETING_VERSION = 1.0;
				PRODUCT_BUNDLE_IDENTIFIER = com.nihither.SavannaABC;
				PRODUCT_NAME = "$(TARGET_NAME)";
				SUPPORTED_PLATFORMS = "iphoneos iphonesimulator";
				SUPPORTS_MACCATALYST = NO;
				SUPPORTS_MAC_DESIGNED_FOR_IPHONE_IPAD = NO;
				SWIFT_EMIT_LOC_STRINGS = YES;
				SWIFT_VERSION = 5.0;
				TARGETED_DEVICE_FAMILY = 1;
			};
			name = Release;
		};
/* End XCBuildConfiguration section */

/* Begin XCConfigurationList section */
		A2266F492B00252300FCBB87 /* Build configuration list for PBXProject "SavannaABC" */ = {
			isa = XCConfigurationList;
			buildConfigurations = (
				A2266F602B00252600FCBB87 /* Debug */,
				A2266F612B00252600FCBB87 /* Release */,
			);
			defaultConfigurationIsVisible = 0;
			defaultConfigurationName = Release;
		};
		A2266F622B00252600FCBB87 /* Build configuration list for PBXNativeTarget "SavannaABC" */ = {
			isa = XCConfigurationList;
			buildConfigurations = (
				A2266F632B00252600FCBB87 /* Debug */,
				A2266F642B00252600FCBB87 /* Release */,
			);
			defaultConfigurationIsVisible = 0;
			defaultConfigurationName = Release;
		};
/* End XCConfigurationList section */
	};
	rootObject = A2266F462B00252300FCBB87 /* Project object */;
}
